// !$*UTF8*$!
{
	archiveVersion = 1;
	classes = {
	};
	objectVersion = 56;
	objects = {

/* Begin PBXBuildFile section */
		433B5DBD29EF663D63A038F7 /* Pods_EvoEstimator.framework in Frameworks */ = {isa = PBXBuildFile; fileRef = 17D62E144F442A1FB76455B5 /* Pods_EvoEstimator.framework */; };
		D32ED5842C8A60FF00140CE2 /* Color.swift in Sources */ = {isa = PBXBuildFile; fileRef = D32ED5832C8A60FF00140CE2 /* Color.swift */; };
		D32ED5882C8B86E200140CE2 /* Arya W00 Triple Slant.ttf in Resources */ = {isa = PBXBuildFile; fileRef = D32ED5872C8A62DC00140CE2 /* Arya W00 Triple Slant.ttf */; };
		D32ED5892C8B88E300140CE2 /* Assets.xcassets in Resources */ = {isa = PBXBuildFile; fileRef = D3A8BE662C88F4DB001232F9 /* Assets.xcassets */; };
		D36533E42CB8DDED007C90F8 /* AppDelegate.swift in Sources */ = {isa = PBXBuildFile; fileRef = D36533E32CB8DDED007C90F8 /* AppDelegate.swift */; };
		D39122612D2787ED0019C204 /* RouteMapView.swift in Sources */ = {isa = PBXBuildFile; fileRef = D39122602D2787ED0019C204 /* RouteMapView.swift */; };
		D39122632D2889910019C204 /* StopDurationPicker.swift in Sources */ = {isa = PBXBuildFile; fileRef = D39122622D2889910019C204 /* StopDurationPicker.swift */; };
		D39122652D2F14680019C204 /* PickerViewTemplate.swift in Sources */ = {isa = PBXBuildFile; fileRef = D39122642D2F14680019C204 /* PickerViewTemplate.swift */; };
		D3A8BE552C72F2B2001232F9 /* EvoEstimatorApp.swift in Sources */ = {isa = PBXBuildFile; fileRef = D3A8BE542C72F2B2001232F9 /* EvoEstimatorApp.swift */; };
		D3BB81302CB9AD7D00A49903 /* APIKeys.swift in Sources */ = {isa = PBXBuildFile; fileRef = D3BB812F2CB9AD7D00A49903 /* APIKeys.swift */; };
		D3BB81322CB9B2E200A49903 /* HandleAutofill.swift in Sources */ = {isa = PBXBuildFile; fileRef = D3BB81312CB9B2E200A49903 /* HandleAutofill.swift */; };
		D3BB81342CB9B3C500A49903 /* HandleTravelTime.swift in Sources */ = {isa = PBXBuildFile; fileRef = D3BB81332CB9B3C500A49903 /* HandleTravelTime.swift */; };
		D3BB81362CB9F33B00A49903 /* ComputeTripCost.swift in Sources */ = {isa = PBXBuildFile; fileRef = D3BB81352CB9F33B00A49903 /* ComputeTripCost.swift */; };
		D3F089CC2CBB1F7500CDF2E4 /* MainView.swift in Sources */ = {isa = PBXBuildFile; fileRef = D3F089CB2CBB1F7500CDF2E4 /* MainView.swift */; };
		D3F089CE2CBB1F9100CDF2E4 /* RatesView.swift in Sources */ = {isa = PBXBuildFile; fileRef = D3F089CD2CBB1F9100CDF2E4 /* RatesView.swift */; };
		D3F089D02CBB923800CDF2E4 /* SplashScreen.swift in Sources */ = {isa = PBXBuildFile; fileRef = D3F089CF2CBB923800CDF2E4 /* SplashScreen.swift */; };
		D3F089D42CBCE56500CDF2E4 /* AboutView.swift in Sources */ = {isa = PBXBuildFile; fileRef = D3F089D32CBCE56500CDF2E4 /* AboutView.swift */; };
		D3F089D62CBCE79F00CDF2E4 /* PrivacyPolicy.swift in Sources */ = {isa = PBXBuildFile; fileRef = D3F089D52CBCE79F00CDF2E4 /* PrivacyPolicy.swift */; };
/* End PBXBuildFile section */

/* Begin PBXFileReference section */
		0689375A80EE9034E3D4729B /* Pods-EvoEstimator.debug.xcconfig */ = {isa = PBXFileReference; includeInIndex = 1; lastKnownFileType = text.xcconfig; name = "Pods-EvoEstimator.debug.xcconfig"; path = "Target Support Files/Pods-EvoEstimator/Pods-EvoEstimator.debug.xcconfig"; sourceTree = "<group>"; };
		17D62E144F442A1FB76455B5 /* Pods_EvoEstimator.framework */ = {isa = PBXFileReference; explicitFileType = wrapper.framework; includeInIndex = 0; path = Pods_EvoEstimator.framework; sourceTree = BUILT_PRODUCTS_DIR; };
		7C8B10F5153996742081DA39 /* Pods-EvoEstimator.release.xcconfig */ = {isa = PBXFileReference; includeInIndex = 1; lastKnownFileType = text.xcconfig; name = "Pods-EvoEstimator.release.xcconfig"; path = "Target Support Files/Pods-EvoEstimator/Pods-EvoEstimator.release.xcconfig"; sourceTree = "<group>"; };
		D32ED5832C8A60FF00140CE2 /* Color.swift */ = {isa = PBXFileReference; lastKnownFileType = sourcecode.swift; path = Color.swift; sourceTree = "<group>"; };
		D32ED5872C8A62DC00140CE2 /* Arya W00 Triple Slant.ttf */ = {isa = PBXFileReference; lastKnownFileType = file; name = "Arya W00 Triple Slant.ttf"; path = "EvoEstimator/Arya W00 Triple Slant.ttf"; sourceTree = "<group>"; };
		D36533E32CB8DDED007C90F8 /* AppDelegate.swift */ = {isa = PBXFileReference; lastKnownFileType = sourcecode.swift; path = AppDelegate.swift; sourceTree = "<group>"; };
		D39122602D2787ED0019C204 /* RouteMapView.swift */ = {isa = PBXFileReference; lastKnownFileType = sourcecode.swift; path = RouteMapView.swift; sourceTree = "<group>"; };
		D39122622D2889910019C204 /* StopDurationPicker.swift */ = {isa = PBXFileReference; lastKnownFileType = sourcecode.swift; path = StopDurationPicker.swift; sourceTree = "<group>"; };
		D39122642D2F14680019C204 /* PickerViewTemplate.swift */ = {isa = PBXFileReference; lastKnownFileType = sourcecode.swift; path = PickerViewTemplate.swift; sourceTree = "<group>"; };
		D3A8BE512C72F2B2001232F9 /* EvoEstimator.app */ = {isa = PBXFileReference; explicitFileType = wrapper.application; includeInIndex = 0; path = EvoEstimator.app; sourceTree = BUILT_PRODUCTS_DIR; };
		D3A8BE542C72F2B2001232F9 /* EvoEstimatorApp.swift */ = {isa = PBXFileReference; lastKnownFileType = sourcecode.swift; path = EvoEstimatorApp.swift; sourceTree = "<group>"; };
		D3A8BE662C88F4DB001232F9 /* Assets.xcassets */ = {isa = PBXFileReference; lastKnownFileType = folder.assetcatalog; path = Assets.xcassets; sourceTree = "<group>"; };
		D3A8BE692C88F66E001232F9 /* Info.plist */ = {isa = PBXFileReference; lastKnownFileType = text.plist; path = Info.plist; sourceTree = "<group>"; };
		D3BB812F2CB9AD7D00A49903 /* APIKeys.swift */ = {isa = PBXFileReference; lastKnownFileType = sourcecode.swift; path = APIKeys.swift; sourceTree = "<group>"; };
		D3BB81312CB9B2E200A49903 /* HandleAutofill.swift */ = {isa = PBXFileReference; lastKnownFileType = sourcecode.swift; path = HandleAutofill.swift; sourceTree = "<group>"; };
		D3BB81332CB9B3C500A49903 /* HandleTravelTime.swift */ = {isa = PBXFileReference; lastKnownFileType = sourcecode.swift; path = HandleTravelTime.swift; sourceTree = "<group>"; };
		D3BB81352CB9F33B00A49903 /* ComputeTripCost.swift */ = {isa = PBXFileReference; lastKnownFileType = sourcecode.swift; path = ComputeTripCost.swift; sourceTree = "<group>"; };
		D3F089CB2CBB1F7500CDF2E4 /* MainView.swift */ = {isa = PBXFileReference; lastKnownFileType = sourcecode.swift; path = MainView.swift; sourceTree = "<group>"; };
		D3F089CD2CBB1F9100CDF2E4 /* RatesView.swift */ = {isa = PBXFileReference; lastKnownFileType = sourcecode.swift; path = RatesView.swift; sourceTree = "<group>"; };
		D3F089CF2CBB923800CDF2E4 /* SplashScreen.swift */ = {isa = PBXFileReference; lastKnownFileType = sourcecode.swift; path = SplashScreen.swift; sourceTree = "<group>"; };
		D3F089D32CBCE56500CDF2E4 /* AboutView.swift */ = {isa = PBXFileReference; lastKnownFileType = sourcecode.swift; path = AboutView.swift; sourceTree = "<group>"; };
		D3F089D52CBCE79F00CDF2E4 /* PrivacyPolicy.swift */ = {isa = PBXFileReference; lastKnownFileType = sourcecode.swift; path = PrivacyPolicy.swift; sourceTree = "<group>"; };
		D3F089D72CBCE80600CDF2E4 /* PrivacyPolicyDraft.md */ = {isa = PBXFileReference; lastKnownFileType = net.daringfireball.markdown; path = PrivacyPolicyDraft.md; sourceTree = "<group>"; };
/* End PBXFileReference section */

/* Begin PBXFrameworksBuildPhase section */
		D3A8BE4E2C72F2B2001232F9 /* Frameworks */ = {
			isa = PBXFrameworksBuildPhase;
			buildActionMask = 2147483647;
			files = (
				433B5DBD29EF663D63A038F7 /* Pods_EvoEstimator.framework in Frameworks */,
			);
			runOnlyForDeploymentPostprocessing = 0;
		};
/* End PBXFrameworksBuildPhase section */

/* Begin PBXGroup section */
		5C2C30D29683D91C3C754D58 /* Pods */ = {
			isa = PBXGroup;
			children = (
				0689375A80EE9034E3D4729B /* Pods-EvoEstimator.debug.xcconfig */,
				7C8B10F5153996742081DA39 /* Pods-EvoEstimator.release.xcconfig */,
			);
			path = Pods;
			sourceTree = "<group>";
		};
		B98654A4D2AF608EDCD7D0A9 /* Frameworks */ = {
			isa = PBXGroup;
			children = (
				17D62E144F442A1FB76455B5 /* Pods_EvoEstimator.framework */,
			);
			name = Frameworks;
			sourceTree = "<group>";
		};
		D3A8BE482C72F2B2001232F9 = {
			isa = PBXGroup;
			children = (
				D32ED5872C8A62DC00140CE2 /* Arya W00 Triple Slant.ttf */,
				D3A8BE532C72F2B2001232F9 /* EvoEstimator */,
				D3A8BE522C72F2B2001232F9 /* Products */,
				5C2C30D29683D91C3C754D58 /* Pods */,
				B98654A4D2AF608EDCD7D0A9 /* Frameworks */,
			);
			sourceTree = "<group>";
		};
		D3A8BE522C72F2B2001232F9 /* Products */ = {
			isa = PBXGroup;
			children = (
				D3A8BE512C72F2B2001232F9 /* EvoEstimator.app */,
			);
			name = Products;
			sourceTree = "<group>";
		};
		D3A8BE532C72F2B2001232F9 /* EvoEstimator */ = {
			isa = PBXGroup;
			children = (
				D3A8BE692C88F66E001232F9 /* Info.plist */,
				D3A8BE662C88F4DB001232F9 /* Assets.xcassets */,
				D3A8BE542C72F2B2001232F9 /* EvoEstimatorApp.swift */,
				D3F089CF2CBB923800CDF2E4 /* SplashScreen.swift */,
				D3F089CB2CBB1F7500CDF2E4 /* MainView.swift */,
				D3F089CD2CBB1F9100CDF2E4 /* RatesView.swift */,
				D32ED5832C8A60FF00140CE2 /* Color.swift */,
				D36533E32CB8DDED007C90F8 /* AppDelegate.swift */,
				D3BB812F2CB9AD7D00A49903 /* APIKeys.swift */,
				D3BB81312CB9B2E200A49903 /* HandleAutofill.swift */,
				D3BB81332CB9B3C500A49903 /* HandleTravelTime.swift */,
				D3BB81352CB9F33B00A49903 /* ComputeTripCost.swift */,
				D3F089D32CBCE56500CDF2E4 /* AboutView.swift */,
				D3F089D52CBCE79F00CDF2E4 /* PrivacyPolicy.swift */,
				D39122602D2787ED0019C204 /* RouteMapView.swift */,
				D3F089D72CBCE80600CDF2E4 /* PrivacyPolicyDraft.md */,
				D39122622D2889910019C204 /* StopDurationPicker.swift */,
				D39122642D2F14680019C204 /* PickerViewTemplate.swift */,
			);
			path = EvoEstimator;
			sourceTree = "<group>";
		};
/* End PBXGroup section */

/* Begin PBXNativeTarget section */
		D3A8BE502C72F2B2001232F9 /* EvoEstimator */ = {
			isa = PBXNativeTarget;
			buildConfigurationList = D3A8BE5F2C72F2B2001232F9 /* Build configuration list for PBXNativeTarget "EvoEstimator" */;
			buildPhases = (
				3EB3B36FD3E254B1F52C8C4B /* [CP] Check Pods Manifest.lock */,
				D3A8BE4D2C72F2B2001232F9 /* Sources */,
				D3A8BE4E2C72F2B2001232F9 /* Frameworks */,
				D3A8BE4F2C72F2B2001232F9 /* Resources */,
				A6A19B9EF493E6E5B0176BBE /* [CP] Copy Pods Resources */,
				ADFAB375113D6C5FCBED2689 /* [CP] Embed Pods Frameworks */,
			);
			buildRules = (
			);
			dependencies = (
			);
			name = EvoEstimator;
			productName = EvoEstimator;
			productReference = D3A8BE512C72F2B2001232F9 /* EvoEstimator.app */;
			productType = "com.apple.product-type.application";
		};
/* End PBXNativeTarget section */

/* Begin PBXProject section */
		D3A8BE492C72F2B2001232F9 /* Project object */ = {
			isa = PBXProject;
			attributes = {
				BuildIndependentTargetsInParallel = 1;
				LastSwiftUpdateCheck = 1540;
				LastUpgradeCheck = 1540;
				TargetAttributes = {
					D3A8BE502C72F2B2001232F9 = {
						CreatedOnToolsVersion = 15.4;
					};
				};
			};
			buildConfigurationList = D3A8BE4C2C72F2B2001232F9 /* Build configuration list for PBXProject "EvoEstimator" */;
			compatibilityVersion = "Xcode 14.0";
			developmentRegion = en;
			hasScannedForEncodings = 0;
			knownRegions = (
				en,
				Base,
			);
			mainGroup = D3A8BE482C72F2B2001232F9;
			productRefGroup = D3A8BE522C72F2B2001232F9 /* Products */;
			projectDirPath = "";
			projectRoot = "";
			targets = (
				D3A8BE502C72F2B2001232F9 /* EvoEstimator */,
			);
		};
/* End PBXProject section */

/* Begin PBXResourcesBuildPhase section */
		D3A8BE4F2C72F2B2001232F9 /* Resources */ = {
			isa = PBXResourcesBuildPhase;
			buildActionMask = 2147483647;
			files = (
				D32ED5892C8B88E300140CE2 /* Assets.xcassets in Resources */,
				D32ED5882C8B86E200140CE2 /* Arya W00 Triple Slant.ttf in Resources */,
			);
			runOnlyForDeploymentPostprocessing = 0;
		};
/* End PBXResourcesBuildPhase section */

/* Begin PBXShellScriptBuildPhase section */
		3EB3B36FD3E254B1F52C8C4B /* [CP] Check Pods Manifest.lock */ = {
			isa = PBXShellScriptBuildPhase;
			buildActionMask = 2147483647;
			files = (
			);
			inputFileListPaths = (
			);
			inputPaths = (
				"${PODS_PODFILE_DIR_PATH}/Podfile.lock",
				"${PODS_ROOT}/Manifest.lock",
			);
			name = "[CP] Check Pods Manifest.lock";
			outputFileListPaths = (
			);
			outputPaths = (
				"$(DERIVED_FILE_DIR)/Pods-EvoEstimator-checkManifestLockResult.txt",
			);
			runOnlyForDeploymentPostprocessing = 0;
			shellPath = /bin/sh;
			shellScript = "diff \"${PODS_PODFILE_DIR_PATH}/Podfile.lock\" \"${PODS_ROOT}/Manifest.lock\" > /dev/null\nif [ $? != 0 ] ; then\n    # print error to STDERR\n    echo \"error: The sandbox is not in sync with the Podfile.lock. Run 'pod install' or update your CocoaPods installation.\" >&2\n    exit 1\nfi\n# This output is used by Xcode 'outputs' to avoid re-running this script phase.\necho \"SUCCESS\" > \"${SCRIPT_OUTPUT_FILE_0}\"\n";
			showEnvVarsInLog = 0;
		};
		A6A19B9EF493E6E5B0176BBE /* [CP] Copy Pods Resources */ = {
			isa = PBXShellScriptBuildPhase;
			buildActionMask = 2147483647;
			files = (
			);
			inputFileListPaths = (
				"${PODS_ROOT}/Target Support Files/Pods-EvoEstimator/Pods-EvoEstimator-resources-${CONFIGURATION}-input-files.xcfilelist",
			);
			name = "[CP] Copy Pods Resources";
			outputFileListPaths = (
				"${PODS_ROOT}/Target Support Files/Pods-EvoEstimator/Pods-EvoEstimator-resources-${CONFIGURATION}-output-files.xcfilelist",
			);
			runOnlyForDeploymentPostprocessing = 0;
			shellPath = /bin/sh;
			shellScript = "\"${PODS_ROOT}/Target Support Files/Pods-EvoEstimator/Pods-EvoEstimator-resources.sh\"\n";
			showEnvVarsInLog = 0;
		};
		ADFAB375113D6C5FCBED2689 /* [CP] Embed Pods Frameworks */ = {
			isa = PBXShellScriptBuildPhase;
			buildActionMask = 2147483647;
			files = (
			);
			inputFileListPaths = (
				"${PODS_ROOT}/Target Support Files/Pods-EvoEstimator/Pods-EvoEstimator-frameworks-${CONFIGURATION}-input-files.xcfilelist",
			);
			name = "[CP] Embed Pods Frameworks";
			outputFileListPaths = (
				"${PODS_ROOT}/Target Support Files/Pods-EvoEstimator/Pods-EvoEstimator-frameworks-${CONFIGURATION}-output-files.xcfilelist",
			);
			runOnlyForDeploymentPostprocessing = 0;
			shellPath = /bin/sh;
			shellScript = "\"${PODS_ROOT}/Target Support Files/Pods-EvoEstimator/Pods-EvoEstimator-frameworks.sh\"\n";
			showEnvVarsInLog = 0;
		};
/* End PBXShellScriptBuildPhase section */

/* Begin PBXSourcesBuildPhase section */
		D3A8BE4D2C72F2B2001232F9 /* Sources */ = {
			isa = PBXSourcesBuildPhase;
			buildActionMask = 2147483647;
			files = (
				D39122612D2787ED0019C204 /* RouteMapView.swift in Sources */,
				D3F089D02CBB923800CDF2E4 /* SplashScreen.swift in Sources */,
				D36533E42CB8DDED007C90F8 /* AppDelegate.swift in Sources */,
				D3F089CC2CBB1F7500CDF2E4 /* MainView.swift in Sources */,
				D3BB81302CB9AD7D00A49903 /* APIKeys.swift in Sources */,
				D3F089D62CBCE79F00CDF2E4 /* PrivacyPolicy.swift in Sources */,
				D39122652D2F14680019C204 /* PickerViewTemplate.swift in Sources */,
				D3A8BE552C72F2B2001232F9 /* EvoEstimatorApp.swift in Sources */,
				D32ED5842C8A60FF00140CE2 /* Color.swift in Sources */,
				D3BB81362CB9F33B00A49903 /* ComputeTripCost.swift in Sources */,
				D3BB81322CB9B2E200A49903 /* HandleAutofill.swift in Sources */,
				D3BB81342CB9B3C500A49903 /* HandleTravelTime.swift in Sources */,
				D39122632D2889910019C204 /* StopDurationPicker.swift in Sources */,
				D3F089CE2CBB1F9100CDF2E4 /* RatesView.swift in Sources */,
				D3F089D42CBCE56500CDF2E4 /* AboutView.swift in Sources */,
			);
			runOnlyForDeploymentPostprocessing = 0;
		};
/* End PBXSourcesBuildPhase section */

/* Begin XCBuildConfiguration section */
		D3A8BE5D2C72F2B2001232F9 /* Debug */ = {
			isa = XCBuildConfiguration;
			buildSettings = {
				ALWAYS_SEARCH_USER_PATHS = NO;
				ASSETCATALOG_COMPILER_GENERATE_SWIFT_ASSET_SYMBOL_EXTENSIONS = YES;
				CLANG_ANALYZER_NONNULL = YES;
				CLANG_ANALYZER_NUMBER_OBJECT_CONVERSION = YES_AGGRESSIVE;
				CLANG_CXX_LANGUAGE_STANDARD = "gnu++20";
				CLANG_ENABLE_MODULES = YES;
				CLANG_ENABLE_OBJC_ARC = YES;
				CLANG_ENABLE_OBJC_WEAK = YES;
				CLANG_WARN_BLOCK_CAPTURE_AUTORELEASING = YES;
				CLANG_WARN_BOOL_CONVERSION = YES;
				CLANG_WARN_COMMA = YES;
				CLANG_WARN_CONSTANT_CONVERSION = YES;
				CLANG_WARN_DEPRECATED_OBJC_IMPLEMENTATIONS = YES;
				CLANG_WARN_DIRECT_OBJC_ISA_USAGE = YES_ERROR;
				CLANG_WARN_DOCUMENTATION_COMMENTS = YES;
				CLANG_WARN_EMPTY_BODY = YES;
				CLANG_WARN_ENUM_CONVERSION = YES;
				CLANG_WARN_INFINITE_RECURSION = YES;
				CLANG_WARN_INT_CONVERSION = YES;
				CLANG_WARN_NON_LITERAL_NULL_CONVERSION = YES;
				CLANG_WARN_OBJC_IMPLICIT_RETAIN_SELF = YES;
				CLANG_WARN_OBJC_LITERAL_CONVERSION = YES;
				CLANG_WARN_OBJC_ROOT_CLASS = YES_ERROR;
				CLANG_WARN_QUOTED_INCLUDE_IN_FRAMEWORK_HEADER = YES;
				CLANG_WARN_RANGE_LOOP_ANALYSIS = YES;
				CLANG_WARN_STRICT_PROTOTYPES = YES;
				CLANG_WARN_SUSPICIOUS_MOVE = YES;
				CLANG_WARN_UNGUARDED_AVAILABILITY = YES_AGGRESSIVE;
				CLANG_WARN_UNREACHABLE_CODE = YES;
				CLANG_WARN__DUPLICATE_METHOD_MATCH = YES;
				COPY_PHASE_STRIP = NO;
				DEBUG_INFORMATION_FORMAT = dwarf;
				ENABLE_STRICT_OBJC_MSGSEND = YES;
				ENABLE_TESTABILITY = YES;
				ENABLE_USER_SCRIPT_SANDBOXING = YES;
				GCC_C_LANGUAGE_STANDARD = gnu17;
				GCC_DYNAMIC_NO_PIC = NO;
				GCC_NO_COMMON_BLOCKS = YES;
				GCC_OPTIMIZATION_LEVEL = 0;
				GCC_PREPROCESSOR_DEFINITIONS = (
					"DEBUG=1",
					"$(inherited)",
				);
				GCC_WARN_64_TO_32_BIT_CONVERSION = YES;
				GCC_WARN_ABOUT_RETURN_TYPE = YES_ERROR;
				GCC_WARN_UNDECLARED_SELECTOR = YES;
				GCC_WARN_UNINITIALIZED_AUTOS = YES_AGGRESSIVE;
				GCC_WARN_UNUSED_FUNCTION = YES;
				GCC_WARN_UNUSED_VARIABLE = YES;
				IPHONEOS_DEPLOYMENT_TARGET = 17.5;
				LOCALIZATION_PREFERS_STRING_CATALOGS = YES;
				MTL_ENABLE_DEBUG_INFO = INCLUDE_SOURCE;
				MTL_FAST_MATH = YES;
				ONLY_ACTIVE_ARCH = YES;
				SDKROOT = iphoneos;
				SWIFT_ACTIVE_COMPILATION_CONDITIONS = "DEBUG $(inherited)";
				SWIFT_OPTIMIZATION_LEVEL = "-Onone";
			};
			name = Debug;
		};
		D3A8BE5E2C72F2B2001232F9 /* Release */ = {
			isa = XCBuildConfiguration;
			buildSettings = {
				ALWAYS_SEARCH_USER_PATHS = NO;
				ASSETCATALOG_COMPILER_GENERATE_SWIFT_ASSET_SYMBOL_EXTENSIONS = YES;
				CLANG_ANALYZER_NONNULL = YES;
				CLANG_ANALYZER_NUMBER_OBJECT_CONVERSION = YES_AGGRESSIVE;
				CLANG_CXX_LANGUAGE_STANDARD = "gnu++20";
				CLANG_ENABLE_MODULES = YES;
				CLANG_ENABLE_OBJC_ARC = YES;
				CLANG_ENABLE_OBJC_WEAK = YES;
				CLANG_WARN_BLOCK_CAPTURE_AUTORELEASING = YES;
				CLANG_WARN_BOOL_CONVERSION = YES;
				CLANG_WARN_COMMA = YES;
				CLANG_WARN_CONSTANT_CONVERSION = YES;
				CLANG_WARN_DEPRECATED_OBJC_IMPLEMENTATIONS = YES;
				CLANG_WARN_DIRECT_OBJC_ISA_USAGE = YES_ERROR;
				CLANG_WARN_DOCUMENTATION_COMMENTS = YES;
				CLANG_WARN_EMPTY_BODY = YES;
				CLANG_WARN_ENUM_CONVERSION = YES;
				CLANG_WARN_INFINITE_RECURSION = YES;
				CLANG_WARN_INT_CONVERSION = YES;
				CLANG_WARN_NON_LITERAL_NULL_CONVERSION = YES;
				CLANG_WARN_OBJC_IMPLICIT_RETAIN_SELF = YES;
				CLANG_WARN_OBJC_LITERAL_CONVERSION = YES;
				CLANG_WARN_OBJC_ROOT_CLASS = YES_ERROR;
				CLANG_WARN_QUOTED_INCLUDE_IN_FRAMEWORK_HEADER = YES;
				CLANG_WARN_RANGE_LOOP_ANALYSIS = YES;
				CLANG_WARN_STRICT_PROTOTYPES = YES;
				CLANG_WARN_SUSPICIOUS_MOVE = YES;
				CLANG_WARN_UNGUARDED_AVAILABILITY = YES_AGGRESSIVE;
				CLANG_WARN_UNREACHABLE_CODE = YES;
				CLANG_WARN__DUPLICATE_METHOD_MATCH = YES;
				COPY_PHASE_STRIP = NO;
				DEBUG_INFORMATION_FORMAT = "dwarf-with-dsym";
				ENABLE_NS_ASSERTIONS = NO;
				ENABLE_STRICT_OBJC_MSGSEND = YES;
				ENABLE_USER_SCRIPT_SANDBOXING = YES;
				GCC_C_LANGUAGE_STANDARD = gnu17;
				GCC_NO_COMMON_BLOCKS = YES;
				GCC_WARN_64_TO_32_BIT_CONVERSION = YES;
				GCC_WARN_ABOUT_RETURN_TYPE = YES_ERROR;
				GCC_WARN_UNDECLARED_SELECTOR = YES;
				GCC_WARN_UNINITIALIZED_AUTOS = YES_AGGRESSIVE;
				GCC_WARN_UNUSED_FUNCTION = YES;
				GCC_WARN_UNUSED_VARIABLE = YES;
				IPHONEOS_DEPLOYMENT_TARGET = 17.5;
				LOCALIZATION_PREFERS_STRING_CATALOGS = YES;
				MTL_ENABLE_DEBUG_INFO = NO;
				MTL_FAST_MATH = YES;
				SDKROOT = iphoneos;
				SWIFT_COMPILATION_MODE = wholemodule;
				VALIDATE_PRODUCT = YES;
			};
			name = Release;
		};
		D3A8BE602C72F2B2001232F9 /* Debug */ = {
			isa = XCBuildConfiguration;
			baseConfigurationReference = 0689375A80EE9034E3D4729B /* Pods-EvoEstimator.debug.xcconfig */;
			buildSettings = {
				ASSETCATALOG_COMPILER_APPICON_NAME = AppIcon;
				ASSETCATALOG_COMPILER_GLOBAL_ACCENT_COLOR_NAME = AccentColor;
				CODE_SIGN_STYLE = Automatic;
				CURRENT_PROJECT_VERSION = 1;
				DEVELOPMENT_ASSET_PATHS = "\"EvoEstimator/Preview Content\"";
				DEVELOPMENT_TEAM = R6Y2HXTQBG;
				ENABLE_PREVIEWS = YES;
				ENABLE_USER_SCRIPT_SANDBOXING = NO;
				GENERATE_INFOPLIST_FILE = YES;
				INFOPLIST_FILE = EvoEstimator/Info.plist;
				INFOPLIST_KEY_UIApplicationSceneManifest_Generation = YES;
				INFOPLIST_KEY_UIApplicationSupportsIndirectInputEvents = YES;
				INFOPLIST_KEY_UILaunchScreen_Generation = YES;
				INFOPLIST_KEY_UISupportedInterfaceOrientations_iPad = "UIInterfaceOrientationPortrait UIInterfaceOrientationPortraitUpsideDown UIInterfaceOrientationLandscapeLeft UIInterfaceOrientationLandscapeRight";
				INFOPLIST_KEY_UISupportedInterfaceOrientations_iPhone = "UIInterfaceOrientationPortrait UIInterfaceOrientationLandscapeLeft UIInterfaceOrientationLandscapeRight";
				LD_RUNPATH_SEARCH_PATHS = (
					"$(inherited)",
					"@executable_path/Frameworks",
				);
				MARKETING_VERSION = 1.0;
				PRODUCT_BUNDLE_IDENTIFIER = "Derek-Martin.EvoEstimator";
				PRODUCT_NAME = "$(TARGET_NAME)";
				SWIFT_EMIT_LOC_STRINGS = YES;
				SWIFT_VERSION = 5.0;
				TARGETED_DEVICE_FAMILY = "1,2";
			};
			name = Debug;
		};
		D3A8BE612C72F2B2001232F9 /* Release */ = {
			isa = XCBuildConfiguration;
			baseConfigurationReference = 7C8B10F5153996742081DA39 /* Pods-EvoEstimator.release.xcconfig */;
			buildSettings = {
				ASSETCATALOG_COMPILER_APPICON_NAME = AppIcon;
				ASSETCATALOG_COMPILER_GLOBAL_ACCENT_COLOR_NAME = AccentColor;
				CODE_SIGN_STYLE = Automatic;
				CURRENT_PROJECT_VERSION = 1;
				DEVELOPMENT_ASSET_PATHS = "\"EvoEstimator/Preview Content\"";
				DEVELOPMENT_TEAM = R6Y2HXTQBG;
				ENABLE_PREVIEWS = YES;
				ENABLE_USER_SCRIPT_SANDBOXING = NO;
				GENERATE_INFOPLIST_FILE = YES;
				INFOPLIST_FILE = EvoEstimator/Info.plist;
				INFOPLIST_KEY_UIApplicationSceneManifest_Generation = YES;
				INFOPLIST_KEY_UIApplicationSupportsIndirectInputEvents = YES;
				INFOPLIST_KEY_UILaunchScreen_Generation = YES;
				INFOPLIST_KEY_UISupportedInterfaceOrientations_iPad = "UIInterfaceOrientationPortrait UIInterfaceOrientationPortraitUpsideDown UIInterfaceOrientationLandscapeLeft UIInterfaceOrientationLandscapeRight";
				INFOPLIST_KEY_UISupportedInterfaceOrientations_iPhone = "UIInterfaceOrientationPortrait UIInterfaceOrientationLandscapeLeft UIInterfaceOrientationLandscapeRight";
				LD_RUNPATH_SEARCH_PATHS = (
					"$(inherited)",
					"@executable_path/Frameworks",
				);
				MARKETING_VERSION = 1.0;
				PRODUCT_BUNDLE_IDENTIFIER = "Derek-Martin.EvoEstimator";
				PRODUCT_NAME = "$(TARGET_NAME)";
				SWIFT_EMIT_LOC_STRINGS = YES;
				SWIFT_VERSION = 5.0;
				TARGETED_DEVICE_FAMILY = "1,2";
			};
			name = Release;
		};
/* End XCBuildConfiguration section */

/* Begin XCConfigurationList section */
		D3A8BE4C2C72F2B2001232F9 /* Build configuration list for PBXProject "EvoEstimator" */ = {
			isa = XCConfigurationList;
			buildConfigurations = (
				D3A8BE5D2C72F2B2001232F9 /* Debug */,
				D3A8BE5E2C72F2B2001232F9 /* Release */,
			);
			defaultConfigurationIsVisible = 0;
			defaultConfigurationName = Release;
		};
		D3A8BE5F2C72F2B2001232F9 /* Build configuration list for PBXNativeTarget "EvoEstimator" */ = {
			isa = XCConfigurationList;
			buildConfigurations = (
				D3A8BE602C72F2B2001232F9 /* Debug */,
				D3A8BE612C72F2B2001232F9 /* Release */,
			);
			defaultConfigurationIsVisible = 0;
			defaultConfigurationName = Release;
		};
/* End XCConfigurationList section */
	};
	rootObject = D3A8BE492C72F2B2001232F9 /* Project object */;
}
